
Microsoft Visual Studio Solution File, Format Version 12.00
# Visual Studio Version 17
VisualStudioVersion = 17.4.33205.214
MinimumVisualStudioVersion = 10.0.40219.1
Project("{9A19103F-16F7-4668-BE54-9A1E7A4F7556}") = "LibraryManagementStudio.User", "LibraryManagementStudio.User\LibraryManagementStudio.User.csproj", "{F2B37DAC-0B54-4CA2-B51D-563F635F7472}"
EndProject
Project("{FAE04EC0-301F-11D3-BF4B-00C04F79EFBC}") = "LibraryManagementStudio.Worker", "LibraryManagementStudio.Worker\LibraryManagementStudio.Worker.csproj", "{EDBA973D-312A-4F6A-8815-814F2B31BA60}"
EndProject
Project("{FAE04EC0-301F-11D3-BF4B-00C04F79EFBC}") = "LibraryManagementStudio.Parcel", "LibraryManagementStudio.Parcel\LibraryManagementStudio.Parcel.csproj", "{739C6C71-2F9F-49AC-9E70-6C0637BE42E0}"
EndProject
Project("{FAE04EC0-301F-11D3-BF4B-00C04F79EFBC}") = "LibraryManagementStudio.Data", "LibraryManagementStudio.Data\LibraryManagementStudio.Data.csproj", "{4CAE0A2C-F3E4-4A9E-A195-29C0720566DE}"
EndProject
Global
	GlobalSection(SolutionConfigurationPlatforms) = preSolution
		Debug|Any CPU = Debug|Any CPU
		Release|Any CPU = Release|Any CPU
	EndGlobalSection
	GlobalSection(ProjectConfigurationPlatforms) = postSolution
		{F2B37DAC-0B54-4CA2-B51D-563F635F7472}.Debug|Any CPU.ActiveCfg = Debug|Any CPU
		{F2B37DAC-0B54-4CA2-B51D-563F635F7472}.Debug|Any CPU.Build.0 = Debug|Any CPU
		{F2B37DAC-0B54-4CA2-B51D-563F635F7472}.Release|Any CPU.ActiveCfg = Release|Any CPU
		{F2B37DAC-0B54-4CA2-B51D-563F635F7472}.Release|Any CPU.Build.0 = Release|Any CPU
		{EDBA973D-312A-4F6A-8815-814F2B31BA60}.Debug|Any CPU.ActiveCfg = Debug|Any CPU
		{EDBA973D-312A-4F6A-8815-814F2B31BA60}.Debug|Any CPU.Build.0 = Debug|Any CPU
		{EDBA973D-312A-4F6A-8815-814F2B31BA60}.Release|Any CPU.ActiveCfg = Release|Any CPU
		{EDBA973D-312A-4F6A-8815-814F2B31BA60}.Release|Any CPU.Build.0 = Release|Any CPU
		{739C6C71-2F9F-49AC-9E70-6C0637BE42E0}.Debug|Any CPU.ActiveCfg = Debug|Any CPU
		{739C6C71-2F9F-49AC-9E70-6C0637BE42E0}.Debug|Any CPU.Build.0 = Debug|Any CPU
		{739C6C71-2F9F-49AC-9E70-6C0637BE42E0}.Release|Any CPU.ActiveCfg = Release|Any CPU
		{739C6C71-2F9F-49AC-9E70-6C0637BE42E0}.Release|Any CPU.Build.0 = Release|Any CPU
		{4CAE0A2C-F3E4-4A9E-A195-29C0720566DE}.Debug|Any CPU.ActiveCfg = Debug|Any CPU
		{4CAE0A2C-F3E4-4A9E-A195-29C0720566DE}.Debug|Any CPU.Build.0 = Debug|Any CPU
		{4CAE0A2C-F3E4-4A9E-A195-29C0720566DE}.Release|Any CPU.ActiveCfg = Release|Any CPU
		{4CAE0A2C-F3E4-4A9E-A195-29C0720566DE}.Release|Any CPU.Build.0 = Release|Any CPU
	EndGlobalSection
	GlobalSection(SolutionProperties) = preSolution
		HideSolutionNode = FALSE
	EndGlobalSection
	GlobalSection(ExtensibilityGlobals) = postSolution
		SolutionGuid = {547BAAB5-485C-40A9-93BC-EB3F89161F12}
	EndGlobalSection
EndGlobal
